
Microsoft Visual Studio Solution File, Format Version 12.00
# Visual Studio Version 16
VisualStudioVersion = 16.0.30804.86
MinimumVisualStudioVersion = 10.0.40219.1
Project("{9A19103F-16F7-4668-BE54-9A1E7A4F7556}") = "WorkingWithReflection", "WorkingWithReflection\WorkingWithReflection.csproj", "{B03FA74A-6500-4085-A506-1FB441810D69}"
EndProject
Project("{FAE04EC0-301F-11D3-BF4B-00C04F79EFBC}") = "WorkingWithRanges", "WorkingWithRanges\WorkingWithRanges.csproj", "{60442D0A-BB3E-4DB7-BF7C-6AB314357142}"
EndProject
Global
	GlobalSection(SolutionConfigurationPlatforms) = preSolution
		Debug|Any CPU = Debug|Any CPU
		Release|Any CPU = Release|Any CPU
	EndGlobalSection
	GlobalSection(ProjectConfigurationPlatforms) = postSolution
		{B03FA74A-6500-4085-A506-1FB441810D69}.Debug|Any CPU.ActiveCfg = Debug|Any CPU
		{B03FA74A-6500-4085-A506-1FB441810D69}.Debug|Any CPU.Build.0 = Debug|Any CPU
		{B03FA74A-6500-4085-A506-1FB441810D69}.Release|Any CPU.ActiveCfg = Release|Any CPU
		{B03FA74A-6500-4085-A506-1FB441810D69}.Release|Any CPU.Build.0 = Release|Any CPU
		{60442D0A-BB3E-4DB7-BF7C-6AB314357142}.Debug|Any CPU.ActiveCfg = Debug|Any CPU
		{60442D0A-BB3E-4DB7-BF7C-6AB314357142}.Debug|Any CPU.Build.0 = Debug|Any CPU
		{60442D0A-BB3E-4DB7-BF7C-6AB314357142}.Release|Any CPU.ActiveCfg = Release|Any CPU
		{60442D0A-BB3E-4DB7-BF7C-6AB314357142}.Release|Any CPU.Build.0 = Release|Any CPU
	EndGlobalSection
	GlobalSection(SolutionProperties) = preSolution
		HideSolutionNode = FALSE
	EndGlobalSection
	GlobalSection(ExtensibilityGlobals) = postSolution
		SolutionGuid = {DAE7C662-F0A1-4AE1-AED4-87887C2279B6}
	EndGlobalSection
EndGlobal
